
Microsoft Visual Studio Solution File, Format Version 12.00
# Visual Studio 15
VisualStudioVersion = 15.0.27130.2027
MinimumVisualStudioVersion = 10.0.40219.1
Project("{FAE04EC0-301F-11D3-BF4B-00C04F79EFBC}") = "Builder", "Builder\Builder.csproj", "{87B1F215-239E-4489-96D9-6DDE77E2F0D3}"
EndProject
Global
	GlobalSection(SolutionConfigurationPlatforms) = preSolution
		Debug|Any CPU = Debug|Any CPU
		Release|Any CPU = Release|Any CPU
	EndGlobalSection
	GlobalSection(ProjectConfigurationPlatforms) = postSolution
		{87B1F215-239E-4489-96D9-6DDE77E2F0D3}.Debug|Any CPU.ActiveCfg = Debug|Any CPU
		{87B1F215-239E-4489-96D9-6DDE77E2F0D3}.Debug|Any CPU.Build.0 = Debug|Any CPU
		{87B1F215-239E-4489-96D9-6DDE77E2F0D3}.Release|Any CPU.ActiveCfg = Release|Any CPU
		{87B1F215-239E-4489-96D9-6DDE77E2F0D3}.Release|Any CPU.Build.0 = Release|Any CPU
	EndGlobalSection
	GlobalSection(SolutionProperties) = preSolution
		HideSolutionNode = FALSE
	EndGlobalSection
	GlobalSection(ExtensibilityGlobals) = postSolution
		SolutionGuid = {3954B752-7908-4C77-A18E-536FC4F8B7AC}
	EndGlobalSection
EndGlobal
